<?xml version="1.0" encoding="utf-8"?>
<Project ToolsVersion="4.0" xmlns="http://schemas.microsoft.com/developer/msbuild/2003">
  <ItemGroup>
    <Filter Include="Source Files">
      <UniqueIdentifier>{4FC737F1-C7A5-4376-A066-2A32D752A2FF}</UniqueIdentifier>
      <Extensions>cpp;c;cc;cxx;def;odl;idl;hpj;bat;asm;asmx</Extensions>
    </Filter>
    <Filter Include="Header Files">
      <UniqueIdentifier>{93995380-89BD-4b04-88EB-625FBE52EBFB}</UniqueIdentifier>
      <Extensions>h;hh;hpp;hxx;hm;inl;inc;xsd</Extensions>
    </Filter>
    <Filter Include="Resource Files">
      <UniqueIdentifier>{67DA6AB6-F800-4c08-8B7A-83BB121AAD01}</UniqueIdentifier>
      <Extensions>rc;ico;cur;bmp;dlg;rc2;rct;bin;rgs;gif;jpg;jpeg;jpe;resx;tiff;tif;png;wav;mfcribbon-ms</Extensions>
    </Filter>
    <Filter Include="Source Files\common">
      <UniqueIdentifier>{1d401567-a44f-421e-ac49-7cf60c536f43}</UniqueIdentifier>
    </Filter>
    <Filter Include="Source Files\platform">
      <UniqueIdentifier>{d20b6381-b7ec-495f-abae-07539acfb83f}</UniqueIdentifier>
    </Filter>
    <Filter Include="Source Files\common\A3_DEMO">
      <UniqueIdentifier>{dda03ea8-3626-4309-9618-9d7c5653f2a1}</UniqueIdentifier>
    </Filter>
    <Filter Include="Header Files\A3_DEMO">
      <UniqueIdentifier>{858c921c-d67d-4e51-b6c0-0f4d8257d22c}</UniqueIdentifier>
    </Filter>
    <Filter Include="Resource Files\A3_DEMO">
      <UniqueIdentifier>{d061064f-0ee7-45dc-afc1-2fb200b50b87}</UniqueIdentifier>
    </Filter>
    <Filter Include="Resource Files\A3_DEMO\glsl">
      <UniqueIdentifier>{57770b2e-d573-407d-9b4a-66b59653d8a3}</UniqueIdentifier>
    </Filter>
    <Filter Include="Resource Files\A3_DEMO\glsl\4x">
      <UniqueIdentifier>{baef5553-8143-4e09-b432-4db39f33224e}</UniqueIdentifier>
    </Filter>
    <Filter Include="Resource Files\A3_DEMO\glsl\4x\vs">
      <UniqueIdentifier>{b23c4635-6a55-432e-9453-d8ecd1441102}</UniqueIdentifier>
    </Filter>
    <Filter Include="Resource Files\A3_DEMO\glsl\4x\fs">
      <UniqueIdentifier>{a1c202b9-b43e-420b-8f3a-510ab7f41122}</UniqueIdentifier>
    </Filter>
    <Filter Include="Resource Files\A3_DEMO\glsl\4x\gs">
      <UniqueIdentifier>{ba76bf87-4f53-4fa1-8110-f7b9b074ca1b}</UniqueIdentifier>
    </Filter>
    <Filter Include="Source Files\common\A3_DEMO\_utilities">
      <UniqueIdentifier>{1a9e718c-12e8-4df2-82c7-bdb88b5bc6b6}</UniqueIdentifier>
    </Filter>
    <Filter Include="Resource Files\A3_DEMO\glsl\4x\ts">
      <UniqueIdentifier>{5d8c89cc-e259-49f5-8f82-c314680ac233}</UniqueIdentifier>
    </Filter>
    <Filter Include="Resource Files\A3_DEMO\glsl\4x\cs">
      <UniqueIdentifier>{44168005-08e4-4cd8-99aa-3a94953c559e}</UniqueIdentifier>
    </Filter>
    <Filter Include="Source Files\common\A3_DEMO\a3_DemoState">
      <UniqueIdentifier>{099be26f-4fce-44e2-ab33-a6aa6cb8589e}</UniqueIdentifier>
    </Filter>
    <Filter Include="Source Files\common\A3_DEMO\a3_Networking">
      <UniqueIdentifier>{7cd1e83b-1cfa-4949-86a4-d5e0bf1c265a}</UniqueIdentifier>
    </Filter>
    <Filter Include="Header Files\A3_DEMO\_andrick_scene">
      <UniqueIdentifier>{ea9228df-7b79-4233-baa3-b22dd8ba1f49}</UniqueIdentifier>
    </Filter>
    <Filter Include="Source Files\common\A3_DEMO\_andrick_scene">
      <UniqueIdentifier>{8f55a004-4c09-4a48-97b9-58e7b7baf28c}</UniqueIdentifier>
    </Filter>
    <Filter Include="Source Files\common\A3_DEMO\_andrick_demostate">
      <UniqueIdentifier>{2507fd02-7102-43c3-9e4d-550cfa15f795}</UniqueIdentifier>
    </Filter>
    <Filter Include="Header Files\A3_DEMO\_andrick_demostate">
      <UniqueIdentifier>{8407a650-fa53-4ee3-bf24-c570ea908c06}</UniqueIdentifier>
    </Filter>
    <Filter Include="Header Files\A3_DEMO\_andrick_network">
      <UniqueIdentifier>{5b0f1e86-36eb-4698-a5ad-af112230b629}</UniqueIdentifier>
    </Filter>
    <Filter Include="Header Files\A3_DEMO\_andrick_util">
      <UniqueIdentifier>{cf0decfe-f893-45f2-9f6f-9cddc5f0ec8e}</UniqueIdentifier>
    </Filter>
    <Filter Include="Source Files\common\A3_DEMO\_andrick_util">
      <UniqueIdentifier>{81e379d0-f26c-4ef9-9f08-4962ea39aacc}</UniqueIdentifier>
    </Filter>
    <Filter Include="Header Files\A3_DEMO\_andrick_scene\_andrick_input">
      <UniqueIdentifier>{c86596df-4774-482d-b51c-fbc3a3b3024c}</UniqueIdentifier>
    </Filter>
    <Filter Include="Source Files\common\A3_DEMO\_andrick_scene\_andrick_input">
      <UniqueIdentifier>{9ec3e7a0-d8e0-444e-8ff6-80f8b2e6e03b}</UniqueIdentifier>
    </Filter>
    <Filter Include="Header Files\A3_DEMO\utilities">
      <UniqueIdentifier>{3ab11224-8c88-4d34-8321-60c72199923c}</UniqueIdentifier>
    </Filter>
    <Filter Include="Header Files\A3_DEMO\_andrick_command">
      <UniqueIdentifier>{83d6e6a0-742e-49af-b4c4-505de59412e2}</UniqueIdentifier>
    </Filter>
    <Filter Include="Header Files\A3_DEMO\_andrick_scene\_andrick_state">
      <UniqueIdentifier>{c5f58280-b12c-4c4d-9446-e1f27b4f4824}</UniqueIdentifier>
    </Filter>
    <Filter Include="Source Files\common\A3_DEMO\_andrick_command">
      <UniqueIdentifier>{0d39e828-2e09-4d88-bd46-b00e5f7850ab}</UniqueIdentifier>
    </Filter>
    <Filter Include="Header Files\A3_DEMO\_andrick_event">
      <UniqueIdentifier>{8263baa0-2aa8-481a-9db7-a48cca006f82}</UniqueIdentifier>
    </Filter>
    <Filter Include="Source Files\common\A3_DEMO\_andrick_event">
      <UniqueIdentifier>{f211b1ed-a404-4fb8-93ee-c71d4f59368d}</UniqueIdentifier>
    </Filter>
    <Filter Include="Source Files\common\A3_DEMO\_andrick_scene\_andrick_state">
      <UniqueIdentifier>{b68bb87c-d26d-4a20-9896-6d5fbfab7710}</UniqueIdentifier>
    </Filter>
    <Filter Include="Header Files\A3_DEMO\_andrick_scene\_andrick_state\_andrick_mainmenu">
      <UniqueIdentifier>{7bf58491-b7ac-4d45-9126-0384fb7880b9}</UniqueIdentifier>
    </Filter>
    <Filter Include="Source Files\common\A3_DEMO\_andrick_scene\_andrick_state\_andrick_mainmenu">
      <UniqueIdentifier>{31be4f93-9884-4d76-87c0-731f93ff6406}</UniqueIdentifier>
    </Filter>
    <Filter Include="Source Files\common\A3_DEMO\_andrick_scene\_andrick_state\_andrick_lobby">
      <UniqueIdentifier>{bd7ddb63-5466-4e1d-b499-d16320bb6038}</UniqueIdentifier>
    </Filter>
    <Filter Include="Header Files\A3_DEMO\_andrick_scene\_andrick_state\_andrick_lobby">
      <UniqueIdentifier>{b667a5f1-a722-43c4-8b88-1684dca96c5c}</UniqueIdentifier>
    </Filter>
    <Filter Include="Header Files\A3_DEMO\_andrick_network\_andrick_packet">
      <UniqueIdentifier>{ea67b18e-0632-4f39-84be-50270a24c9ed}</UniqueIdentifier>
    </Filter>
    <Filter Include="Header Files\A3_DEMO\_andrick_scene\_andrick_state\_andrick_minigame">
      <UniqueIdentifier>{fb1fdaed-582b-49c5-b181-a9e3ba53a982}</UniqueIdentifier>
    </Filter>
    <Filter Include="Source Files\common\A3_DEMO\_andrick_scene\_andrick_state\_andrick_minigame">
      <UniqueIdentifier>{2fa0b35e-b87f-4ae3-8fb3-0d2105698a05}</UniqueIdentifier>
    </Filter>
    <Filter Include="Source Files\common\A3_DEMO\_andrick_network">
      <UniqueIdentifier>{1f6da248-2e13-461d-9240-a217d3d26c58}</UniqueIdentifier>
    </Filter>
    <Filter Include="Source Files\common\A3_DEMO\_andrick_network\_andrick_packet">
      <UniqueIdentifier>{ede28e79-658a-47a4-b1b4-a0bec712fd8c}</UniqueIdentifier>
    </Filter>
    <Filter Include="Header Files\A3_DEMO\_andrick_boids">
      <UniqueIdentifier>{fc9dfa7b-a518-4e74-8b6a-676e8f3173f1}</UniqueIdentifier>
    </Filter>
    <Filter Include="Header Files\A3_DEMO\_andrick_boids\_andrick_steering">
      <UniqueIdentifier>{1eb17378-28e5-4d6c-b643-602934f3ea63}</UniqueIdentifier>
    </Filter>
    <Filter Include="Source Files\common\A3_DEMO\_andrick_boids">
      <UniqueIdentifier>{a80dbf07-08e6-4a15-b00c-ba899135caee}</UniqueIdentifier>
    </Filter>
    <Filter Include="Source Files\common\A3_DEMO\_andrick_boids\_andrick_steering">
      <UniqueIdentifier>{0dc97656-33db-4aaf-8821-7dee3e795c4e}</UniqueIdentifier>
    </Filter>
  </ItemGroup>
  <ItemGroup>
    <ClCompile Include="_src_win\main_dll.c">
      <Filter>Source Files\platform</Filter>
    </ClCompile>
    <ClCompile Include="..\..\..\source\animal3D-DemoPlugin\A3_DEMO\_utilities\a3_DemoSceneObject.c">
      <Filter>Source Files\common\A3_DEMO\_utilities</Filter>
    </ClCompile>
    <ClCompile Include="..\..\..\source\animal3D-DemoPlugin\A3_DEMO\_utilities\a3_DemoRenderUtils.c">
      <Filter>Source Files\common\A3_DEMO\_utilities</Filter>
    </ClCompile>
    <ClCompile Include="..\..\..\source\animal3D-DemoPlugin\A3_DEMO\a3_DemoState\a3_DemoState_idle-input.c">
      <Filter>Source Files\common\A3_DEMO\a3_DemoState</Filter>
    </ClCompile>
    <ClCompile Include="..\..\..\source\animal3D-DemoPlugin\A3_DEMO\a3_DemoState\a3_DemoState_idle-render.c">
      <Filter>Source Files\common\A3_DEMO\a3_DemoState</Filter>
    </ClCompile>
    <ClCompile Include="..\..\..\source\animal3D-DemoPlugin\A3_DEMO\a3_DemoState\a3_DemoState_idle-update.c">
      <Filter>Source Files\common\A3_DEMO\a3_DemoState</Filter>
    </ClCompile>
    <ClCompile Include="..\..\..\source\animal3D-DemoPlugin\A3_DEMO\a3_DemoState\a3_DemoState_initialize.c">
      <Filter>Source Files\common\A3_DEMO\a3_DemoState</Filter>
    </ClCompile>
    <ClCompile Include="..\..\..\source\animal3D-DemoPlugin\A3_DEMO\a3_DemoState\a3_DemoState_loading.c">
      <Filter>Source Files\common\A3_DEMO\a3_DemoState</Filter>
    </ClCompile>
    <ClCompile Include="..\..\..\source\animal3D-DemoPlugin\A3_DEMO\a3_DemoState\a3_DemoState_unloading.c">
      <Filter>Source Files\common\A3_DEMO\a3_DemoState</Filter>
    </ClCompile>
    <ClCompile Include="..\..\..\source\animal3D-DemoPlugin\A3_DEMO\a3_demo_callbacks.cpp">
      <Filter>Source Files\common\A3_DEMO</Filter>
    </ClCompile>
    <ClCompile Include="..\..\..\source\animal3D-DemoPlugin\A3_DEMO\a3_Networking\a3_Networking_gs_checkers.c">
      <Filter>Source Files\common\A3_DEMO\a3_Networking</Filter>
    </ClCompile>
    <ClCompile Include="..\..\..\source\animal3D-DemoPlugin\A3_DEMO\a3_Networking\a3_Networking_gs_mancala.c">
      <Filter>Source Files\common\A3_DEMO\a3_Networking</Filter>
    </ClCompile>
    <ClCompile Include="..\..\..\source\animal3D-DemoPlugin\A3_DEMO\a3_Networking\a3_Networking_gs_tictactoe.c">
      <Filter>Source Files\common\A3_DEMO\a3_Networking</Filter>
    </ClCompile>
    <ClCompile Include="..\..\..\source\animal3D-DemoPlugin\A3_DEMO\a3_Networking\a3_Networking_gs_battleship.c">
      <Filter>Source Files\common\A3_DEMO\a3_Networking</Filter>
    </ClCompile>
    <ClCompile Include="..\..\..\source\animal3D-DemoPlugin\A3_DEMO\_andrick_Scene\andrick_scene_manager.cpp">
      <Filter>Source Files\common\A3_DEMO\_andrick_scene</Filter>
    </ClCompile>
    <ClCompile Include="..\..\..\source\animal3D-DemoPlugin\A3_DEMO\_andrick_Scene\andrick_scene.cpp">
      <Filter>Source Files\common\A3_DEMO\_andrick_scene</Filter>
    </ClCompile>
    <ClCompile Include="..\..\..\source\animal3D-DemoPlugin\A3_DEMO\_andrick_Scene\andrick_scene_selectrole.cpp">
      <Filter>Source Files\common\A3_DEMO\_andrick_scene</Filter>
    </ClCompile>
    <ClCompile Include="..\..\..\source\animal3D-DemoPlugin\A3_DEMO\_andrick_Scene\andrick_scene_lobby.cpp">
      <Filter>Source Files\common\A3_DEMO\_andrick_scene</Filter>
    </ClCompile>
    <ClCompile Include="..\..\..\source\animal3D-DemoPlugin\A3_DEMO\_andrick_Scene\_andrick_Input\andrick_chatlog.cpp">
      <Filter>Source Files\common\A3_DEMO\_andrick_scene\_andrick_input</Filter>
    </ClCompile>
    <ClCompile Include="..\..\..\source\animal3D-DemoPlugin\A3_DEMO\_andrick_Utils\andrick_text_formatter.cpp">
      <Filter>Source Files\common\A3_DEMO\_andrick_util</Filter>
    </ClCompile>
    <ClCompile Include="..\..\..\source\animal3D-DemoPlugin\A3_DEMO\_andrick_Scene\_andrick_Input\andrick_sceneinputhandler.cpp">
      <Filter>Source Files\common\A3_DEMO\_andrick_scene\_andrick_input</Filter>
    </ClCompile>
    <ClCompile Include="..\..\..\source\animal3D-DemoPlugin\A3_DEMO\_andrick_Command\andrick_command.cpp">
      <Filter>Source Files\common\A3_DEMO\_andrick_command</Filter>
    </ClCompile>
    <ClCompile Include="..\..\..\source\animal3D-DemoPlugin\A3_DEMO\_andrick_Event\andrick_event_chatmessage.cpp">
      <Filter>Source Files\common\A3_DEMO\_andrick_event</Filter>
    </ClCompile>
    <ClCompile Include="..\..\..\source\animal3D-DemoPlugin\A3_DEMO\_andrick_Scene\_andrick_State\andrick_scenestate.cpp">
      <Filter>Source Files\common\A3_DEMO\_andrick_scene\_andrick_state</Filter>
    </ClCompile>
    <ClCompile Include="..\..\..\source\animal3D-DemoPlugin\A3_DEMO\_andrick_Scene\andrick_scene_mainmenu.cpp">
      <Filter>Source Files\common\A3_DEMO\_andrick_scene</Filter>
    </ClCompile>
    <ClCompile Include="..\..\..\source\animal3D-DemoPlugin\A3_DEMO\_andrick_Network\andrick_client.cpp">
      <Filter>Source Files\common\A3_DEMO\_andrick_network</Filter>
    </ClCompile>
    <ClCompile Include="..\..\..\source\animal3D-DemoPlugin\A3_DEMO\_andrick_Network\andrick_server.cpp">
      <Filter>Source Files\common\A3_DEMO\_andrick_network</Filter>
    </ClCompile>
    <ClCompile Include="..\..\..\source\animal3D-DemoPlugin\A3_DEMO\_andrick_Utils\andrick_common.cpp">
      <Filter>Source Files\common\A3_DEMO\_andrick_util</Filter>
    </ClCompile>
    <ClCompile Include="..\..\..\source\animal3D-DemoPlugin\A3_DEMO\_andrick_Scene\_andrick_State\_andrick_MainMenu\andrick_mainmenu_servermaxusers.cpp">
      <Filter>Source Files\common\A3_DEMO\_andrick_scene\_andrick_state\_andrick_mainmenu</Filter>
    </ClCompile>
    <ClCompile Include="..\..\..\source\animal3D-DemoPlugin\A3_DEMO\_andrick_Scene\_andrick_State\_andrick_MainMenu\andrick_mainmenu_title.cpp">
      <Filter>Source Files\common\A3_DEMO\_andrick_scene\_andrick_state\_andrick_mainmenu</Filter>
    </ClCompile>
    <ClCompile Include="..\..\..\source\animal3D-DemoPlugin\A3_DEMO\_andrick_Scene\_andrick_State\_andrick_Lobby\andrick_lobby_chatroom.cpp">
      <Filter>Source Files\common\A3_DEMO\_andrick_scene\_andrick_state\_andrick_lobby</Filter>
    </ClCompile>
    <ClCompile Include="..\..\..\source\animal3D-DemoPlugin\A3_DEMO\_andrick_Event\andrick_eventsystem.cpp">
      <Filter>Source Files\common\A3_DEMO\_andrick_event</Filter>
    </ClCompile>
    <ClCompile Include="..\..\..\source\animal3D-DemoPlugin\A3_DEMO\_andrick_Event\andrick_event.cpp">
      <Filter>Source Files\common\A3_DEMO\_andrick_event</Filter>
    </ClCompile>
    <ClCompile Include="..\..\..\source\animal3D-DemoPlugin\A3_DEMO\a3_Networking\a3_NetworkingManager.cpp">
      <Filter>Source Files\common\A3_DEMO\a3_Networking</Filter>
    </ClCompile>
    <ClCompile Include="..\..\..\source\animal3D-DemoPlugin\A3_DEMO\_andrick_Demostate\andrick_demostate.cpp">
      <Filter>Source Files\common\A3_DEMO\_andrick_demostate</Filter>
    </ClCompile>
    <ClCompile Include="..\..\..\source\animal3D-DemoPlugin\A3_DEMO\_andrick_Scene\_andrick_State\_andrick_MiniGame\andrick_minigame_main.cpp">
      <Filter>Source Files\common\A3_DEMO\_andrick_scene\_andrick_state\_andrick_minigame</Filter>
    </ClCompile>
    <ClCompile Include="..\..\..\source\animal3D-DemoPlugin\A3_DEMO\_andrick_Scene\andrick_scene_minigame.cpp">
      <Filter>Source Files\common\A3_DEMO\_andrick_scene</Filter>
    </ClCompile>
    <ClCompile Include="..\..\..\source\animal3D-DemoPlugin\A3_DEMO\_andrick_Network\_andrick_Packet\andrick_packethandler.cpp">
      <Filter>Source Files\common\A3_DEMO\_andrick_network\_andrick_packet</Filter>
    </ClCompile>
    <ClCompile Include="..\..\..\source\animal3D-DemoPlugin\A3_DEMO\_andrick_boids\_andrick_steering\ArriveSteering.cpp">
      <Filter>Source Files\common\A3_DEMO\_andrick_boids\_andrick_steering</Filter>
    </ClCompile>
    <ClCompile Include="..\..\..\source\animal3D-DemoPlugin\A3_DEMO\_andrick_boids\_andrick_steering\CohesionSteering.cpp">
      <Filter>Source Files\common\A3_DEMO\_andrick_boids\_andrick_steering</Filter>
    </ClCompile>
    <ClCompile Include="..\..\..\source\animal3D-DemoPlugin\A3_DEMO\_andrick_boids\_andrick_steering\FaceSteering.cpp">
      <Filter>Source Files\common\A3_DEMO\_andrick_boids\_andrick_steering</Filter>
    </ClCompile>
    <ClCompile Include="..\..\..\source\animal3D-DemoPlugin\A3_DEMO\_andrick_boids\_andrick_steering\FlockingSteering.cpp">
      <Filter>Source Files\common\A3_DEMO\_andrick_boids\_andrick_steering</Filter>
    </ClCompile>
    <ClCompile Include="..\..\..\source\animal3D-DemoPlugin\A3_DEMO\_andrick_boids\_andrick_steering\GroupAlignSteering.cpp">
      <Filter>Source Files\common\A3_DEMO\_andrick_boids\_andrick_steering</Filter>
    </ClCompile>
    <ClCompile Include="..\..\..\source\animal3D-DemoPlugin\A3_DEMO\_andrick_boids\_andrick_steering\SeekSteering.cpp">
      <Filter>Source Files\common\A3_DEMO\_andrick_boids\_andrick_steering</Filter>
    </ClCompile>
    <ClCompile Include="..\..\..\source\animal3D-DemoPlugin\A3_DEMO\_andrick_boids\_andrick_steering\SeparationSteering.cpp">
      <Filter>Source Files\common\A3_DEMO\_andrick_boids\_andrick_steering</Filter>
    </ClCompile>
    <ClCompile Include="..\..\..\source\animal3D-DemoPlugin\A3_DEMO\_andrick_boids\_andrick_steering\Steering.cpp">
      <Filter>Source Files\common\A3_DEMO\_andrick_boids\_andrick_steering</Filter>
    </ClCompile>
    <ClCompile Include="..\..\..\source\animal3D-DemoPlugin\A3_DEMO\_andrick_boids\_andrick_steering\WanderSteering.cpp">
      <Filter>Source Files\common\A3_DEMO\_andrick_boids\_andrick_steering</Filter>
    </ClCompile>
    <ClCompile Include="..\..\..\source\animal3D-DemoPlugin\A3_DEMO\_andrick_boids\andrick_boid_manager.cpp">
      <Filter>Source Files\common\A3_DEMO\_andrick_boids</Filter>
    </ClCompile>
    <ClCompile Include="..\..\..\source\animal3D-DemoPlugin\A3_DEMO\_andrick_boids\andrick_boid.cpp">
      <Filter>Source Files\common\A3_DEMO\_andrick_boids</Filter>
    </ClCompile>
    <ClCompile Include="..\..\..\source\animal3D-DemoPlugin\A3_DEMO\_andrick_boids\andrick_boid_physics.cpp">
      <Filter>Source Files\common\A3_DEMO\_andrick_boids</Filter>
    </ClCompile>
    <ClCompile Include="..\..\..\source\animal3D-DemoPlugin\A3_DEMO\_andrick_boids\andrick_boid_position.cpp">
      <Filter>Source Files\common\A3_DEMO\_andrick_boids</Filter>
    </ClCompile>
    <ClCompile Include="..\..\..\source\animal3D-DemoPlugin\A3_DEMO\_andrick_boids\andrick_boid_steering.cpp">
      <Filter>Source Files\common\A3_DEMO\_andrick_boids</Filter>
    </ClCompile>
  </ItemGroup>
  <ItemGroup>
    <ClInclude Include="..\..\..\source\animal3D-DemoPlugin\a3_dylib_config_export.h">
      <Filter>Header Files</Filter>
    </ClInclude>
    <ClInclude Include="..\..\..\source\animal3D-DemoPlugin\A3_DEMO\a3_DemoState.h">
      <Filter>Header Files\A3_DEMO</Filter>
    </ClInclude>
    <ClInclude Include="..\..\..\source\animal3D-DemoPlugin\A3_DEMO\_utilities\a3_DemoSceneObject.h">
      <Filter>Header Files\A3_DEMO\utilities</Filter>
    </ClInclude>
    <ClInclude Include="..\..\..\source\animal3D-DemoPlugin\A3_DEMO\_utilities\a3_DemoRenderUtils.h">
      <Filter>Header Files\A3_DEMO\utilities</Filter>
    </ClInclude>
    <ClInclude Include="..\..\..\source\animal3D-DemoPlugin\A3_DEMO\_utilities\a3_DemoShaderProgram.h">
      <Filter>Header Files\A3_DEMO\utilities</Filter>
    </ClInclude>
    <ClInclude Include="..\..\..\source\animal3D-DemoPlugin\A3_DEMO\_andrick_Scene\andrick_scene.h">
      <Filter>Header Files\A3_DEMO\_andrick_scene</Filter>
    </ClInclude>
    <ClInclude Include="..\..\..\source\animal3D-DemoPlugin\A3_DEMO\_andrick_Scene\andrick_scene_manager.h">
      <Filter>Header Files\A3_DEMO\_andrick_scene</Filter>
    </ClInclude>
    <ClInclude Include="..\..\..\source\animal3D-DemoPlugin\A3_DEMO\_andrick_Demostate\andrick_demostate.h">
      <Filter>Header Files\A3_DEMO\_andrick_demostate</Filter>
    </ClInclude>
    <ClInclude Include="..\..\..\source\animal3D-DemoPlugin\A3_DEMO\_andrick_Scene\andrick_scene_selectrole.h">
      <Filter>Header Files\A3_DEMO\_andrick_scene</Filter>
    </ClInclude>
    <ClInclude Include="..\..\..\source\animal3D-DemoPlugin\A3_DEMO\_andrick_Utils\andrick_common.h">
      <Filter>Header Files\A3_DEMO\_andrick_util</Filter>
    </ClInclude>
    <ClInclude Include="..\..\..\source\animal3D-DemoPlugin\A3_DEMO\_andrick_Scene\andrick_scene_lobby.h">
      <Filter>Header Files\A3_DEMO\_andrick_scene</Filter>
    </ClInclude>
    <ClInclude Include="..\..\..\source\animal3D-DemoPlugin\A3_DEMO\_andrick_Utils\andrick_text_formatter.h">
      <Filter>Header Files\A3_DEMO\_andrick_util</Filter>
    </ClInclude>
    <ClInclude Include="..\..\..\source\animal3D-DemoPlugin\A3_DEMO\_andrick_Scene\_andrick_Input\andrick_sceneinputhandler.h">
      <Filter>Header Files\A3_DEMO\_andrick_scene\_andrick_input</Filter>
    </ClInclude>
    <ClInclude Include="..\..\..\source\animal3D-DemoPlugin\A3_DEMO\_andrick_Scene\_andrick_Input\andrick_chatlog.h">
      <Filter>Header Files\A3_DEMO\_andrick_scene\_andrick_input</Filter>
    </ClInclude>
    <ClInclude Include="..\..\..\source\animal3D-DemoPlugin\A3_DEMO\_andrick_Command\andrick_command.h">
      <Filter>Header Files\A3_DEMO\_andrick_command</Filter>
    </ClInclude>
    <ClInclude Include="..\..\..\source\animal3D-DemoPlugin\A3_DEMO\_andrick_Network\andrick_client.h">
      <Filter>Header Files\A3_DEMO\_andrick_network</Filter>
    </ClInclude>
    <ClInclude Include="..\..\..\source\animal3D-DemoPlugin\A3_DEMO\_andrick_Network\andrick_server.h">
      <Filter>Header Files\A3_DEMO\_andrick_network</Filter>
    </ClInclude>
    <ClInclude Include="..\..\..\source\animal3D-DemoPlugin\A3_DEMO\_andrick_Event\andrick_event.h">
      <Filter>Header Files\A3_DEMO\_andrick_event</Filter>
    </ClInclude>
    <ClInclude Include="..\..\..\source\animal3D-DemoPlugin\A3_DEMO\_andrick_Event\andrick_event_chatmessage.h">
      <Filter>Header Files\A3_DEMO\_andrick_event</Filter>
    </ClInclude>
    <ClInclude Include="..\..\..\source\animal3D-DemoPlugin\A3_DEMO\_andrick_Scene\_andrick_State\andrick_scenestate.h">
      <Filter>Header Files\A3_DEMO\_andrick_scene\_andrick_state</Filter>
    </ClInclude>
    <ClInclude Include="..\..\..\source\animal3D-DemoPlugin\A3_DEMO\_andrick_Scene\andrick_scene_mainmenu.h">
      <Filter>Header Files\A3_DEMO\_andrick_scene</Filter>
    </ClInclude>
    <ClInclude Include="..\..\..\source\animal3D-DemoPlugin\A3_DEMO\_andrick_Scene\_andrick_Input\andrick_menuoption.h">
      <Filter>Header Files\A3_DEMO\_andrick_scene\_andrick_input</Filter>
    </ClInclude>
    <ClInclude Include="..\..\..\source\animal3D-DemoPlugin\A3_DEMO\_andrick_Scene\_andrick_State\_andrick_MainMenu\andrick_mainmenu_title.h">
      <Filter>Header Files\A3_DEMO\_andrick_scene\_andrick_state\_andrick_mainmenu</Filter>
    </ClInclude>
    <ClInclude Include="..\..\..\source\animal3D-DemoPlugin\A3_DEMO\_andrick_Scene\_andrick_State\_andrick_MainMenu\andrick_mainmenu_servermaxusers.h">
      <Filter>Header Files\A3_DEMO\_andrick_scene\_andrick_state\_andrick_mainmenu</Filter>
    </ClInclude>
    <ClInclude Include="..\..\..\source\animal3D-DemoPlugin\A3_DEMO\_andrick_Scene\_andrick_State\_andrick_Lobby\andrick_lobby_chatroom.h">
      <Filter>Header Files\A3_DEMO\_andrick_scene\_andrick_state\_andrick_lobby</Filter>
    </ClInclude>
    <ClInclude Include="..\..\..\source\animal3D-DemoPlugin\A3_DEMO\_andrick_Event\TestEvent.h">
      <Filter>Header Files\A3_DEMO\_andrick_event</Filter>
    </ClInclude>
    <ClInclude Include="..\..\..\source\animal3D-DemoPlugin\A3_DEMO\_andrick_Event\andrick_eventsystem.h">
      <Filter>Header Files\A3_DEMO\_andrick_event</Filter>
    </ClInclude>
    <ClInclude Include="..\..\..\source\animal3D-DemoPlugin\A3_DEMO\_andrick_Network\_andrick_Packet\andrick_packet.h">
      <Filter>Header Files\A3_DEMO\_andrick_network\_andrick_packet</Filter>
    </ClInclude>
    <ClInclude Include="..\..\..\source\animal3D-DemoPlugin\A3_DEMO\a3_Networking\a3_NetworkingManager.h">
      <Filter>Source Files\common\A3_DEMO\a3_Networking</Filter>
    </ClInclude>
    <ClInclude Include="..\..\..\source\animal3D-DemoPlugin\A3_DEMO\_andrick_Scene\_andrick_State\_andrick_MiniGame\andrick_minigame_main.h">
      <Filter>Header Files\A3_DEMO\_andrick_scene\_andrick_state\_andrick_minigame</Filter>
    </ClInclude>
    <ClInclude Include="..\..\..\source\animal3D-DemoPlugin\A3_DEMO\_andrick_Scene\andrick_scene_minigame.h">
      <Filter>Header Files\A3_DEMO\_andrick_scene</Filter>
    </ClInclude>
    <ClInclude Include="..\..\..\source\animal3D-DemoPlugin\A3_DEMO\_andrick_Network\_andrick_Packet\andrick_packethandler.h">
      <Filter>Header Files\A3_DEMO\_andrick_network\_andrick_packet</Filter>
    </ClInclude>
    <ClInclude Include="..\..\..\source\animal3D-DemoPlugin\A3_DEMO\_andrick_boids\_andrick_steering\ArriveSteering.h">
      <Filter>Header Files\A3_DEMO\_andrick_boids\_andrick_steering</Filter>
    </ClInclude>
    <ClInclude Include="..\..\..\source\animal3D-DemoPlugin\A3_DEMO\_andrick_boids\_andrick_steering\CohesionSteering.h">
      <Filter>Header Files\A3_DEMO\_andrick_boids\_andrick_steering</Filter>
    </ClInclude>
    <ClInclude Include="..\..\..\source\animal3D-DemoPlugin\A3_DEMO\_andrick_boids\_andrick_steering\FaceSteering.h">
      <Filter>Header Files\A3_DEMO\_andrick_boids\_andrick_steering</Filter>
    </ClInclude>
    <ClInclude Include="..\..\..\source\animal3D-DemoPlugin\A3_DEMO\_andrick_boids\_andrick_steering\FlockingSteering.h">
      <Filter>Header Files\A3_DEMO\_andrick_boids\_andrick_steering</Filter>
    </ClInclude>
    <ClInclude Include="..\..\..\source\animal3D-DemoPlugin\A3_DEMO\_andrick_boids\_andrick_steering\GroupAlignSteering.h">
      <Filter>Header Files\A3_DEMO\_andrick_boids\_andrick_steering</Filter>
    </ClInclude>
    <ClInclude Include="..\..\..\source\animal3D-DemoPlugin\A3_DEMO\_andrick_boids\_andrick_steering\SeekSteering.h">
      <Filter>Header Files\A3_DEMO\_andrick_boids\_andrick_steering</Filter>
    </ClInclude>
    <ClInclude Include="..\..\..\source\animal3D-DemoPlugin\A3_DEMO\_andrick_boids\_andrick_steering\SeparationSteering.h">
      <Filter>Header Files\A3_DEMO\_andrick_boids\_andrick_steering</Filter>
    </ClInclude>
    <ClInclude Include="..\..\..\source\animal3D-DemoPlugin\A3_DEMO\_andrick_boids\_andrick_steering\Steering.h">
      <Filter>Header Files\A3_DEMO\_andrick_boids\_andrick_steering</Filter>
    </ClInclude>
    <ClInclude Include="..\..\..\source\animal3D-DemoPlugin\A3_DEMO\_andrick_boids\_andrick_steering\WanderSteering.h">
      <Filter>Header Files\A3_DEMO\_andrick_boids\_andrick_steering</Filter>
    </ClInclude>
    <ClInclude Include="..\..\..\source\animal3D-DemoPlugin\A3_DEMO\_andrick_boids\andrick_boid_manager.h">
      <Filter>Header Files\A3_DEMO\_andrick_boids</Filter>
    </ClInclude>
    <ClInclude Include="..\..\..\source\animal3D-DemoPlugin\A3_DEMO\_andrick_boids\andrick_boid.h">
      <Filter>Header Files\A3_DEMO\_andrick_boids</Filter>
    </ClInclude>
    <ClInclude Include="..\..\..\source\animal3D-DemoPlugin\A3_DEMO\_andrick_boids\andrick_boid_physics.h">
      <Filter>Header Files\A3_DEMO\_andrick_boids</Filter>
    </ClInclude>
    <ClInclude Include="..\..\..\source\animal3D-DemoPlugin\A3_DEMO\_andrick_boids\andrick_boid_position.h">
      <Filter>Header Files\A3_DEMO\_andrick_boids</Filter>
    </ClInclude>
    <ClInclude Include="..\..\..\source\animal3D-DemoPlugin\A3_DEMO\_andrick_boids\andrick_boid_steering.h">
      <Filter>Header Files\A3_DEMO\_andrick_boids</Filter>
    </ClInclude>
  </ItemGroup>
  <ItemGroup>
    <None Include="..\..\..\resource\glsl\4x\fs\drawColorAttrib_fs4x.glsl">
      <Filter>Resource Files\A3_DEMO\glsl\4x\fs</Filter>
    </None>
    <None Include="..\..\..\resource\glsl\4x\fs\drawColorUnif_fs4x.glsl">
      <Filter>Resource Files\A3_DEMO\glsl\4x\fs</Filter>
    </None>
    <None Include="..\..\..\resource\glsl\4x\vs\passColor_transform_vs4x.glsl">
      <Filter>Resource Files\A3_DEMO\glsl\4x\vs</Filter>
    </None>
    <None Include="..\..\..\resource\glsl\4x\vs\passthru_transform_vs4x.glsl">
      <Filter>Resource Files\A3_DEMO\glsl\4x\vs</Filter>
    </None>
    <None Include="..\..\..\resource\glsl\4x\vs\passthru_transform_instanced_vs4x.glsl">
      <Filter>Resource Files\A3_DEMO\glsl\4x\vs</Filter>
    </None>
    <None Include="..\..\..\resource\glsl\4x\vs\passColor_transform_instanced_vs4x.glsl">
      <Filter>Resource Files\A3_DEMO\glsl\4x\vs</Filter>
    </None>
    <None Include="..\..\..\resource\glsl\4x\vs\passthru_vs4x.glsl">
      <Filter>Resource Files\A3_DEMO\glsl\4x\vs</Filter>
    </None>
  </ItemGroup>
</Project>